
Microsoft Visual Studio Solution File, Format Version 12.00
# Visual Studio 15
VisualStudioVersion = 15.0.28307.1927
MinimumVisualStudioVersion = 10.0.40219.1
Project("{FAE04EC0-301F-11D3-BF4B-00C04F79EFBC}") = "Telefonen_Ukazatel", "Telefonen_Ukazatel\Telefonen_Ukazatel.csproj", "{66B81A4F-2D63-4143-AD74-54CE633E4939}"
EndProject
Global
	GlobalSection(SolutionConfigurationPlatforms) = preSolution
		Debug|Any CPU = Debug|Any CPU
		Release|Any CPU = Release|Any CPU
	EndGlobalSection
	GlobalSection(ProjectConfigurationPlatforms) = postSolution
		{66B81A4F-2D63-4143-AD74-54CE633E4939}.Debug|Any CPU.ActiveCfg = Debug|Any CPU
		{66B81A4F-2D63-4143-AD74-54CE633E4939}.Debug|Any CPU.Build.0 = Debug|Any CPU
		{66B81A4F-2D63-4143-AD74-54CE633E4939}.Release|Any CPU.ActiveCfg = Release|Any CPU
		{66B81A4F-2D63-4143-AD74-54CE633E4939}.Release|Any CPU.Build.0 = Release|Any CPU
	EndGlobalSection
	GlobalSection(SolutionProperties) = preSolution
		HideSolutionNode = FALSE
	EndGlobalSection
	GlobalSection(ExtensibilityGlobals) = postSolution
		SolutionGuid = {467D9F88-CD05-46B8-B546-1F61F9486087}
	EndGlobalSection
EndGlobal
